// !$*UTF8*$!
{
	archiveVersion = 1;
	classes = {
	};
	objectVersion = 77;
	objects = {

/* Begin PBXBuildFile section */
		2E448B63520859F2E217098F /* SleepulatorTests/AudioMathTests.swift in Sources */ = {isa = PBXBuildFile; fileRef = C5D5D733507738D0157791A3 /* SleepulatorTests/AudioMathTests.swift */; };
		896817F92FE6F20900C5DF4D /* WidgetKit.framework in Frameworks */ = {isa = PBXBuildFile; fileRef = 896817F82FE6F20900C5DF4D /* WidgetKit.framework */; };
		896817FB2FE6F20900C5DF4D /* SwiftUI.framework in Frameworks */ = {isa = PBXBuildFile; fileRef = 896817FA2FE6F20900C5DF4D /* SwiftUI.framework */; };
		8968180C2FE6F20E00C5DF4D /* SleepulatorWidgetExtension.appex in Embed Foundation Extensions */ = {isa = PBXBuildFile; fileRef = 896817F72FE6F20900C5DF4D /* SleepulatorWidgetExtension.appex */; settings = {ATTRIBUTES = (RemoveHeadersOnCopy, ); }; };
		BB02BB02BB02BB02BB02BB02 /* SleepulatorTests/AudioStateTests.swift in Sources */ = {isa = PBXBuildFile; fileRef = AA01AA01AA01AA01AA01AA01 /* SleepulatorTests/AudioStateTests.swift */; };
		FE194EFB101EFDEB44D73448 /* Foundation.framework in Frameworks */ = {isa = PBXBuildFile; fileRef = AB899D16B0611E1DE7BE7027 /* Foundation.framework */; };
/* End PBXBuildFile section */

/* Begin PBXContainerItemProxy section */
		17E0391AD6E0A274CCB9E330 /* PBXContainerItemProxy */ = {
			isa = PBXContainerItemProxy;
			containerPortal = 8968159D2FE42DE100C5DF4D /* Project object */;
			proxyType = 1;
			remoteGlobalIDString = 896815A42FE42DE100C5DF4D;
			remoteInfo = Sleepulator;
		};
		8968180A2FE6F20E00C5DF4D /* PBXContainerItemProxy */ = {
			isa = PBXContainerItemProxy;
			containerPortal = 8968159D2FE42DE100C5DF4D /* Project object */;
			proxyType = 1;
			remoteGlobalIDString = 896817F62FE6F20900C5DF4D;
			remoteInfo = SleepulatorWidgetExtension;
		};
/* End PBXContainerItemProxy section */

/* Begin PBXCopyFilesBuildPhase section */
		896818112FE6F20E00C5DF4D /* Embed Foundation Extensions */ = {
			isa = PBXCopyFilesBuildPhase;
			buildActionMask = 2147483647;
			dstPath = "";
			dstSubfolderSpec = 13;
			files = (
				8968180C2FE6F20E00C5DF4D /* SleepulatorWidgetExtension.appex in Embed Foundation Extensions */,
			);
			name = "Embed Foundation Extensions";
			runOnlyForDeploymentPostprocessing = 0;
		};
/* End PBXCopyFilesBuildPhase section */

/* Begin PBXFileReference section */
		017F902453F66EBD5997209E /* SleepulatorTests.xctest */ = {isa = PBXFileReference; explicitFileType = wrapper.cfbundle; includeInIndex = 0; path = SleepulatorTests.xctest; sourceTree = BUILT_PRODUCTS_DIR; };
		18E370CCB927FE199F422346 /* Info.plist */ = {isa = PBXFileReference; includeInIndex = 1; lastKnownFileType = text.plist.xml; path = Info.plist; sourceTree = "<group>"; };
		896815A52FE42DE100C5DF4D /* Sleepulator.app */ = {isa = PBXFileReference; explicitFileType = wrapper.application; includeInIndex = 0; path = Sleepulator.app; sourceTree = BUILT_PRODUCTS_DIR; };
		896817F72FE6F20900C5DF4D /* SleepulatorWidgetExtension.appex */ = {isa = PBXFileReference; explicitFileType = "wrapper.app-extension"; includeInIndex = 0; path = SleepulatorWidgetExtension.appex; sourceTree = BUILT_PRODUCTS_DIR; };
		896817F82FE6F20900C5DF4D /* WidgetKit.framework */ = {isa = PBXFileReference; lastKnownFileType = wrapper.framework; name = WidgetKit.framework; path = System/Library/Frameworks/WidgetKit.framework; sourceTree = SDKROOT; };
		896817FA2FE6F20900C5DF4D /* SwiftUI.framework */ = {isa = PBXFileReference; lastKnownFileType = wrapper.framework; name = SwiftUI.framework; path = System/Library/Frameworks/SwiftUI.framework; sourceTree = SDKROOT; };
		AA01AA01AA01AA01AA01AA01 /* SleepulatorTests/AudioStateTests.swift */ = {isa = PBXFileReference; includeInIndex = 1; lastKnownFileType = sourcecode.swift; path = SleepulatorTests/AudioStateTests.swift; sourceTree = "<group>"; };
		AB899D16B0611E1DE7BE7027 /* Foundation.framework */ = {isa = PBXFileReference; lastKnownFileType = wrapper.framework; name = Foundation.framework; path = Platforms/iPhoneOS.platform/Developer/SDKs/iPhoneOS18.0.sdk/System/Library/Frameworks/Foundation.framework; sourceTree = DEVELOPER_DIR; };
		C5D5D733507738D0157791A3 /* SleepulatorTests/AudioMathTests.swift */ = {isa = PBXFileReference; includeInIndex = 1; lastKnownFileType = sourcecode.swift; path = SleepulatorTests/AudioMathTests.swift; sourceTree = "<group>"; };
/* End PBXFileReference section */

/* Begin PBXFileSystemSynchronizedBuildFileExceptionSet section */
		896815C32FE42E9900C5DF4D /* Exceptions for "Sleepulator" folder in "Sleepulator" target */ = {
			isa = PBXFileSystemSynchronizedBuildFileExceptionSet;
			membershipExceptions = (
				Info.plist,
			);
			target = 896815A42FE42DE100C5DF4D /* Sleepulator */;
		};
		896818102FE6F20E00C5DF4D /* Exceptions for "SleepulatorWidget" folder in "SleepulatorWidgetExtension" target */ = {
			isa = PBXFileSystemSynchronizedBuildFileExceptionSet;
			membershipExceptions = (
				Info.plist,
			);
			target = 896817F62FE6F20900C5DF4D /* SleepulatorWidgetExtension */;
		};
		896818152FE6F38600C5DF4D /* Exceptions for "Sleepulator" folder in "SleepulatorWidgetExtension" target */ = {
			isa = PBXFileSystemSynchronizedBuildFileExceptionSet;
			membershipExceptions = (
				Models/SleepTimerAttributes.swift,
			);
			target = 896817F62FE6F20900C5DF4D /* SleepulatorWidgetExtension */;
		};
/* End PBXFileSystemSynchronizedBuildFileExceptionSet section */

/* Begin PBXFileSystemSynchronizedRootGroup section */
		896815A72FE42DE100C5DF4D /* Sleepulator */ = {
			isa = PBXFileSystemSynchronizedRootGroup;
			exceptions = (
				896815C32FE42E9900C5DF4D /* Exceptions for "Sleepulator" folder in "Sleepulator" target */,
				896818152FE6F38600C5DF4D /* Exceptions for "Sleepulator" folder in "SleepulatorWidgetExtension" target */,
			);
			path = Sleepulator;
			sourceTree = "<group>";
		};
		896817FC2FE6F20900C5DF4D /* SleepulatorWidget */ = {
			isa = PBXFileSystemSynchronizedRootGroup;
			exceptions = (
				896818102FE6F20E00C5DF4D /* Exceptions for "SleepulatorWidget" folder in "SleepulatorWidgetExtension" target */,
			);
			path = SleepulatorWidget;
			sourceTree = "<group>";
		};
/* End PBXFileSystemSynchronizedRootGroup section */

/* Begin PBXFrameworksBuildPhase section */
		896815A22FE42DE100C5DF4D /* Frameworks */ = {
			isa = PBXFrameworksBuildPhase;
			buildActionMask = 2147483647;
			files = (
			);
			runOnlyForDeploymentPostprocessing = 0;
		};
		896817F42FE6F20900C5DF4D /* Frameworks */ = {
			isa = PBXFrameworksBuildPhase;
			buildActionMask = 2147483647;
			files = (
				896817FB2FE6F20900C5DF4D /* SwiftUI.framework in Frameworks */,
				896817F92FE6F20900C5DF4D /* WidgetKit.framework in Frameworks */,
			);
			runOnlyForDeploymentPostprocessing = 0;
		};
		8F95C22FFA3939A4BD2B7293 /* Frameworks */ = {
			isa = PBXFrameworksBuildPhase;
			buildActionMask = 2147483647;
			files = (
				FE194EFB101EFDEB44D73448 /* Foundation.framework in Frameworks */,
			);
			runOnlyForDeploymentPostprocessing = 0;
		};
/* End PBXFrameworksBuildPhase section */

/* Begin PBXGroup section */
		4F0F1F3D849D37D9576573B5 /* SleepulatorTests */ = {
			isa = PBXGroup;
			children = (
				18E370CCB927FE199F422346 /* Info.plist */,
				C5D5D733507738D0157791A3 /* SleepulatorTests/AudioMathTests.swift */,
				AA01AA01AA01AA01AA01AA01 /* SleepulatorTests/AudioStateTests.swift */,
			);
			name = SleepulatorTests;
			sourceTree = "<group>";
		};
		8968159C2FE42DE100C5DF4D = {
			isa = PBXGroup;
			children = (
				896815A72FE42DE100C5DF4D /* Sleepulator */,
				896817FC2FE6F20900C5DF4D /* SleepulatorWidget */,
				896815A62FE42DE100C5DF4D /* Products */,
				B26D83E539600E117FE3FDF8 /* Frameworks */,
				4F0F1F3D849D37D9576573B5 /* SleepulatorTests */,
			);
			sourceTree = "<group>";
		};
		896815A62FE42DE100C5DF4D /* Products */ = {
			isa = PBXGroup;
			children = (
				896815A52FE42DE100C5DF4D /* Sleepulator.app */,
				017F902453F66EBD5997209E /* SleepulatorTests.xctest */,
				896817F72FE6F20900C5DF4D /* SleepulatorWidgetExtension.appex */,
			);
			name = Products;
			sourceTree = "<group>";
		};
		B26D83E539600E117FE3FDF8 /* Frameworks */ = {
			isa = PBXGroup;
			children = (
				E1197F814EACD75E6B2355CE /* iOS */,
				896817F82FE6F20900C5DF4D /* WidgetKit.framework */,
				896817FA2FE6F20900C5DF4D /* SwiftUI.framework */,
			);
			name = Frameworks;
			sourceTree = "<group>";
		};
		E1197F814EACD75E6B2355CE /* iOS */ = {
			isa = PBXGroup;
			children = (
				AB899D16B0611E1DE7BE7027 /* Foundation.framework */,
			);
			name = iOS;
			sourceTree = "<group>";
		};
/* End PBXGroup section */

/* Begin PBXNativeTarget section */
		896815A42FE42DE100C5DF4D /* Sleepulator */ = {
			isa = PBXNativeTarget;
			buildConfigurationList = 896815B02FE42DE300C5DF4D /* Build configuration list for PBXNativeTarget "Sleepulator" */;
			buildPhases = (
				896815A12FE42DE100C5DF4D /* Sources */,
				896815A22FE42DE100C5DF4D /* Frameworks */,
				896815A32FE42DE100C5DF4D /* Resources */,
				896818112FE6F20E00C5DF4D /* Embed Foundation Extensions */,
			);
			buildRules = (
			);
			dependencies = (
				8968180B2FE6F20E00C5DF4D /* PBXTargetDependency */,
			);
			fileSystemSynchronizedGroups = (
				896815A72FE42DE100C5DF4D /* Sleepulator */,
			);
			name = Sleepulator;
			productName = Sleepulator;
			productReference = 896815A52FE42DE100C5DF4D /* Sleepulator.app */;
			productType = "com.apple.product-type.application";
		};
		896817F62FE6F20900C5DF4D /* SleepulatorWidgetExtension */ = {
			isa = PBXNativeTarget;
			buildConfigurationList = 8968180D2FE6F20E00C5DF4D /* Build configuration list for PBXNativeTarget "SleepulatorWidgetExtension" */;
			buildPhases = (
				896817F32FE6F20900C5DF4D /* Sources */,
				896817F42FE6F20900C5DF4D /* Frameworks */,
				896817F52FE6F20900C5DF4D /* Resources */,
			);
			buildRules = (
			);
			dependencies = (
			);
			fileSystemSynchronizedGroups = (
				896817FC2FE6F20900C5DF4D /* SleepulatorWidget */,
			);
			name = SleepulatorWidgetExtension;
			packageProductDependencies = (
			);
			productName = SleepulatorWidgetExtension;
			productReference = 896817F72FE6F20900C5DF4D /* SleepulatorWidgetExtension.appex */;
			productType = "com.apple.product-type.app-extension";
		};
		8AE58C823E021E6F069D7576 /* SleepulatorTests */ = {
			isa = PBXNativeTarget;
			buildConfigurationList = D1CADF1292BBFA37A539B3B1 /* Build configuration list for PBXNativeTarget "SleepulatorTests" */;
			buildPhases = (
				09844A2FD57950D97E409737 /* Sources */,
				8F95C22FFA3939A4BD2B7293 /* Frameworks */,
				C53337DB5C50158E0BCACE53 /* Resources */,
			);
			buildRules = (
			);
			dependencies = (
				F7E88F4CD88B0955BE344FDF /* PBXTargetDependency */,
			);
			name = SleepulatorTests;
			productName = SleepulatorTests;
			productReference = 017F902453F66EBD5997209E /* SleepulatorTests.xctest */;
			productType = "com.apple.product-type.bundle.unit-test";
		};
/* End PBXNativeTarget section */

/* Begin PBXProject section */
		8968159D2FE42DE100C5DF4D /* Project object */ = {
			isa = PBXProject;
			attributes = {
				BuildIndependentTargetsInParallel = 1;
				LastSwiftUpdateCheck = 2650;
				LastUpgradeCheck = 2650;
				TargetAttributes = {
					896815A42FE42DE100C5DF4D = {
						CreatedOnToolsVersion = 26.5;
					};
					896817F62FE6F20900C5DF4D = {
						CreatedOnToolsVersion = 26.5;
					};
					8AE58C823E021E6F069D7576 = {
						TestTargetID = 896815A42FE42DE100C5DF4D;
					};
				};
			};
			buildConfigurationList = 896815A02FE42DE100C5DF4D /* Build configuration list for PBXProject "Sleepulator" */;
			developmentRegion = en;
			hasScannedForEncodings = 0;
			knownRegions = (
				en,
				Base,
			);
			mainGroup = 8968159C2FE42DE100C5DF4D;
			minimizedProjectReferenceProxies = 1;
			preferredProjectObjectVersion = 77;
			productRefGroup = 896815A62FE42DE100C5DF4D /* Products */;
			projectDirPath = "";
			projectRoot = "";
			targets = (
				896815A42FE42DE100C5DF4D /* Sleepulator */,
				8AE58C823E021E6F069D7576 /* SleepulatorTests */,
				896817F62FE6F20900C5DF4D /* SleepulatorWidgetExtension */,
			);
		};
/* End PBXProject section */

/* Begin PBXResourcesBuildPhase section */
		896815A32FE42DE100C5DF4D /* Resources */ = {
			isa = PBXResourcesBuildPhase;
			buildActionMask = 2147483647;
			files = (
			);
			runOnlyForDeploymentPostprocessing = 0;
		};
		896817F52FE6F20900C5DF4D /* Resources */ = {
			isa = PBXResourcesBuildPhase;
			buildActionMask = 2147483647;
			files = (
			);
			runOnlyForDeploymentPostprocessing = 0;
		};
		C53337DB5C50158E0BCACE53 /* Resources */ = {
			isa = PBXResourcesBuildPhase;
			buildActionMask = 2147483647;
			files = (
			);
			runOnlyForDeploymentPostprocessing = 0;
		};
/* End PBXResourcesBuildPhase section */

/* Begin PBXSourcesBuildPhase section */
		09844A2FD57950D97E409737 /* Sources */ = {
			isa = PBXSourcesBuildPhase;
			buildActionMask = 2147483647;
			files = (
				2E448B63520859F2E217098F /* SleepulatorTests/AudioMathTests.swift in Sources */,
				BB02BB02BB02BB02BB02BB02 /* SleepulatorTests/AudioStateTests.swift in Sources */,
			);
			runOnlyForDeploymentPostprocessing = 0;
		};
		896815A12FE42DE100C5DF4D /* Sources */ = {
			isa = PBXSourcesBuildPhase;
			buildActionMask = 2147483647;
			files = (
			);
			runOnlyForDeploymentPostprocessing = 0;
		};
		896817F32FE6F20900C5DF4D /* Sources */ = {
			isa = PBXSourcesBuildPhase;
			buildActionMask = 2147483647;
			files = (
			);
			runOnlyForDeploymentPostprocessing = 0;
		};
/* End PBXSourcesBuildPhase section */

/* Begin PBXTargetDependency section */
		8968180B2FE6F20E00C5DF4D /* PBXTargetDependency */ = {
			isa = PBXTargetDependency;
			target = 896817F62FE6F20900C5DF4D /* SleepulatorWidgetExtension */;
			targetProxy = 8968180A2FE6F20E00C5DF4D /* PBXContainerItemProxy */;
		};
		F7E88F4CD88B0955BE344FDF /* PBXTargetDependency */ = {
			isa = PBXTargetDependency;
			name = Sleepulator;
			target = 896815A42FE42DE100C5DF4D /* Sleepulator */;
			targetProxy = 17E0391AD6E0A274CCB9E330 /* PBXContainerItemProxy */;
		};
/* End PBXTargetDependency section */

/* Begin XCBuildConfiguration section */
		71F59181C4DBBF669B806C41 /* Release */ = {
			isa = XCBuildConfiguration;
			buildSettings = {
				BUNDLE_LOADER = "$(TEST_HOST)";
				INFOPLIST_FILE = SleepulatorTests/Info.plist;
				PRODUCT_BUNDLE_IDENTIFIER = app.sleepulator.SleepulatorTests;
				PRODUCT_NAME = "$(TARGET_NAME)";
				SDKROOT = iphoneos;
				SWIFT_VERSION = 5.0;
				TARGETED_DEVICE_FAMILY = "1,2";
				TEST_HOST = "$(BUILT_PRODUCTS_DIR)/Sleepulator.app/Sleepulator";
				VALIDATE_PRODUCT = YES;
			};
			name = Release;
		};
		8318385F46BBE308B0A2A7D3 /* Debug */ = {
			isa = XCBuildConfiguration;
			buildSettings = {
				BUNDLE_LOADER = "$(TEST_HOST)";
				INFOPLIST_FILE = SleepulatorTests/Info.plist;
				PRODUCT_BUNDLE_IDENTIFIER = app.sleepulator.SleepulatorTests;
				PRODUCT_NAME = "$(TARGET_NAME)";
				SDKROOT = iphoneos;
				SWIFT_VERSION = 5.0;
				TARGETED_DEVICE_FAMILY = "1,2";
				TEST_HOST = "$(BUILT_PRODUCTS_DIR)/Sleepulator.app/Sleepulator";
			};
			name = Debug;
		};
		896815AE2FE42DE300C5DF4D /* Debug */ = {
			isa = XCBuildConfiguration;
			buildSettings = {
				ALWAYS_SEARCH_USER_PATHS = NO;
				ASSETCATALOG_COMPILER_GENERATE_SWIFT_ASSET_SYMBOL_EXTENSIONS = YES;
				CLANG_ANALYZER_NONNULL = YES;
				CLANG_ANALYZER_NUMBER_OBJECT_CONVERSION = YES_AGGRESSIVE;
				CLANG_CXX_LANGUAGE_STANDARD = "gnu++20";
				CLANG_ENABLE_MODULES = YES;
				CLANG_ENABLE_OBJC_ARC = YES;
				CLANG_ENABLE_OBJC_WEAK = YES;
				CLANG_WARN_BLOCK_CAPTURE_AUTORELEASING = YES;
				CLANG_WARN_BOOL_CONVERSION = YES;
				CLANG_WARN_COMMA = YES;
				CLANG_WARN_CONSTANT_CONVERSION = YES;
				CLANG_WARN_DEPRECATED_OBJC_IMPLEMENTATIONS = YES;
				CLANG_WARN_DIRECT_OBJC_ISA_USAGE = YES_ERROR;
				CLANG_WARN_DOCUMENTATION_COMMENTS = YES;
				CLANG_WARN_EMPTY_BODY = YES;
				CLANG_WARN_ENUM_CONVERSION = YES;
				CLANG_WARN_INFINITE_RECURSION = YES;
				CLANG_WARN_INT_CONVERSION = YES;
				CLANG_WARN_NON_LITERAL_NULL_CONVERSION = YES;
				CLANG_WARN_OBJC_IMPLICIT_RETAIN_SELF = YES;
				CLANG_WARN_OBJC_LITERAL_CONVERSION = YES;
				CLANG_WARN_OBJC_ROOT_CLASS = YES_ERROR;
				CLANG_WARN_QUOTED_INCLUDE_IN_FRAMEWORK_HEADER = YES;
				CLANG_WARN_RANGE_LOOP_ANALYSIS = YES;
				CLANG_WARN_STRICT_PROTOTYPES = YES;
				CLANG_WARN_SUSPICIOUS_MOVE = YES;
				CLANG_WARN_UNGUARDED_AVAILABILITY = YES_AGGRESSIVE;
				CLANG_WARN_UNREACHABLE_CODE = YES;
				CLANG_WARN__DUPLICATE_METHOD_MATCH = YES;
				COPY_PHASE_STRIP = NO;
				DEBUG_INFORMATION_FORMAT = dwarf;
				DEVELOPMENT_TEAM = C84UD6LFJQ;
				ENABLE_STRICT_OBJC_MSGSEND = YES;
				ENABLE_TESTABILITY = YES;
				ENABLE_USER_SCRIPT_SANDBOXING = YES;
				GCC_C_LANGUAGE_STANDARD = gnu17;
				GCC_DYNAMIC_NO_PIC = NO;
				GCC_NO_COMMON_BLOCKS = YES;
				GCC_OPTIMIZATION_LEVEL = 0;
				GCC_PREPROCESSOR_DEFINITIONS = (
					"DEBUG=1",
					"$(inherited)",
				);
				GCC_WARN_64_TO_32_BIT_CONVERSION = YES;
				GCC_WARN_ABOUT_RETURN_TYPE = YES_ERROR;
				GCC_WARN_UNDECLARED_SELECTOR = YES;
				GCC_WARN_UNINITIALIZED_AUTOS = YES_AGGRESSIVE;
				GCC_WARN_UNUSED_FUNCTION = YES;
				GCC_WARN_UNUSED_VARIABLE = YES;
				IPHONEOS_DEPLOYMENT_TARGET = 17.0;
				LOCALIZATION_PREFERS_STRING_CATALOGS = YES;
				MTL_ENABLE_DEBUG_INFO = INCLUDE_SOURCE;
				MTL_FAST_MATH = YES;
				ONLY_ACTIVE_ARCH = YES;
				SDKROOT = iphoneos;
				SWIFT_ACTIVE_COMPILATION_CONDITIONS = "DEBUG $(inherited)";
				SWIFT_OPTIMIZATION_LEVEL = "-Onone";
			};
			name = Debug;
		};
		896815AF2FE42DE300C5DF4D /* Release */ = {
			isa = XCBuildConfiguration;
			buildSettings = {
				ALWAYS_SEARCH_USER_PATHS = NO;
				ASSETCATALOG_COMPILER_GENERATE_SWIFT_ASSET_SYMBOL_EXTENSIONS = YES;
				CLANG_ANALYZER_NONNULL = YES;
				CLANG_ANALYZER_NUMBER_OBJECT_CONVERSION = YES_AGGRESSIVE;
				CLANG_CXX_LANGUAGE_STANDARD = "gnu++20";
				CLANG_ENABLE_MODULES = YES;
				CLANG_ENABLE_OBJC_ARC = YES;
				CLANG_ENABLE_OBJC_WEAK = YES;
				CLANG_WARN_BLOCK_CAPTURE_AUTORELEASING = YES;
				CLANG_WARN_BOOL_CONVERSION = YES;
				CLANG_WARN_COMMA = YES;
				CLANG_WARN_CONSTANT_CONVERSION = YES;
				CLANG_WARN_DEPRECATED_OBJC_IMPLEMENTATIONS = YES;
				CLANG_WARN_DIRECT_OBJC_ISA_USAGE = YES_ERROR;
				CLANG_WARN_DOCUMENTATION_COMMENTS = YES;
				CLANG_WARN_EMPTY_BODY = YES;
				CLANG_WARN_ENUM_CONVERSION = YES;
				CLANG_WARN_INFINITE_RECURSION = YES;
				CLANG_WARN_INT_CONVERSION = YES;
				CLANG_WARN_NON_LITERAL_NULL_CONVERSION = YES;
				CLANG_WARN_OBJC_IMPLICIT_RETAIN_SELF = YES;
				CLANG_WARN_OBJC_LITERAL_CONVERSION = YES;
				CLANG_WARN_OBJC_ROOT_CLASS = YES_ERROR;
				CLANG_WARN_QUOTED_INCLUDE_IN_FRAMEWORK_HEADER = YES;
				CLANG_WARN_RANGE_LOOP_ANALYSIS = YES;
				CLANG_WARN_STRICT_PROTOTYPES = YES;
				CLANG_WARN_SUSPICIOUS_MOVE = YES;
				CLANG_WARN_UNGUARDED_AVAILABILITY = YES_AGGRESSIVE;
				CLANG_WARN_UNREACHABLE_CODE = YES;
				CLANG_WARN__DUPLICATE_METHOD_MATCH = YES;
				COPY_PHASE_STRIP = NO;
				DEBUG_INFORMATION_FORMAT = "dwarf-with-dsym";
				DEVELOPMENT_TEAM = C84UD6LFJQ;
				ENABLE_NS_ASSERTIONS = NO;
				ENABLE_STRICT_OBJC_MSGSEND = YES;
				ENABLE_USER_SCRIPT_SANDBOXING = YES;
				GCC_C_LANGUAGE_STANDARD = gnu17;
				GCC_NO_COMMON_BLOCKS = YES;
				GCC_WARN_64_TO_32_BIT_CONVERSION = YES;
				GCC_WARN_ABOUT_RETURN_TYPE = YES_ERROR;
				GCC_WARN_UNDECLARED_SELECTOR = YES;
				GCC_WARN_UNINITIALIZED_AUTOS = YES_AGGRESSIVE;
				GCC_WARN_UNUSED_FUNCTION = YES;
				GCC_WARN_UNUSED_VARIABLE = YES;
				IPHONEOS_DEPLOYMENT_TARGET = 17.0;
				LOCALIZATION_PREFERS_STRING_CATALOGS = YES;
				MTL_ENABLE_DEBUG_INFO = NO;
				MTL_FAST_MATH = YES;
				SDKROOT = iphoneos;
				SWIFT_COMPILATION_MODE = wholemodule;
				VALIDATE_PRODUCT = YES;
			};
			name = Release;
		};
		896815B12FE42DE300C5DF4D /* Debug */ = {
			isa = XCBuildConfiguration;
			buildSettings = {
				ASSETCATALOG_COMPILER_APPICON_NAME = AppIcon;
				ASSETCATALOG_COMPILER_GLOBAL_ACCENT_COLOR_NAME = AccentColor;
				CODE_SIGN_STYLE = Automatic;
				CURRENT_PROJECT_VERSION = 1;
				DEVELOPMENT_TEAM = C84UD6LFJQ;
				ENABLE_PREVIEWS = YES;
				GENERATE_INFOPLIST_FILE = YES;
				INFOPLIST_FILE = Sleepulator/Info.plist;
				INFOPLIST_KEY_UIApplicationSceneManifest_Generation = YES;
				INFOPLIST_KEY_UIApplicationSupportsIndirectInputEvents = YES;
				INFOPLIST_KEY_UILaunchScreen_Generation = YES;
				INFOPLIST_KEY_UISupportedInterfaceOrientations_iPad = "UIInterfaceOrientationPortrait UIInterfaceOrientationPortraitUpsideDown UIInterfaceOrientationLandscapeLeft UIInterfaceOrientationLandscapeRight";
				INFOPLIST_KEY_UISupportedInterfaceOrientations_iPhone = "UIInterfaceOrientationPortrait UIInterfaceOrientationLandscapeLeft UIInterfaceOrientationLandscapeRight";
				LD_RUNPATH_SEARCH_PATHS = (
					"$(inherited)",
					"@executable_path/Frameworks",
				);
				MARKETING_VERSION = 1.0;
				PRODUCT_BUNDLE_IDENTIFIER = app.sleepulator.Sleepulator;
				PRODUCT_NAME = "$(TARGET_NAME)";
				STRING_CATALOG_GENERATE_SYMBOLS = YES;
				SWIFT_APPROACHABLE_CONCURRENCY = YES;
				SWIFT_DEFAULT_ACTOR_ISOLATION = MainActor;
				SWIFT_EMIT_LOC_STRINGS = YES;
				SWIFT_UPCOMING_FEATURE_MEMBER_IMPORT_VISIBILITY = YES;
				SWIFT_VERSION = 5.0;
				TARGETED_DEVICE_FAMILY = "1,2";
			};
			name = Debug;
		};
		896815B22FE42DE300C5DF4D /* Release */ = {
			isa = XCBuildConfiguration;
			buildSettings = {
				ASSETCATALOG_COMPILER_APPICON_NAME = AppIcon;
				ASSETCATALOG_COMPILER_GLOBAL_ACCENT_COLOR_NAME = AccentColor;
				CODE_SIGN_STYLE = Automatic;
				CURRENT_PROJECT_VERSION = 1;
				DEVELOPMENT_TEAM = C84UD6LFJQ;
				ENABLE_PREVIEWS = YES;
				GENERATE_INFOPLIST_FILE = YES;
				INFOPLIST_FILE = Sleepulator/Info.plist;
				INFOPLIST_KEY_UIApplicationSceneManifest_Generation = YES;
				INFOPLIST_KEY_UIApplicationSupportsIndirectInputEvents = YES;
				INFOPLIST_KEY_UILaunchScreen_Generation = YES;
				INFOPLIST_KEY_UISupportedInterfaceOrientations_iPad = "UIInterfaceOrientationPortrait UIInterfaceOrientationPortraitUpsideDown UIInterfaceOrientationLandscapeLeft UIInterfaceOrientationLandscapeRight";
				INFOPLIST_KEY_UISupportedInterfaceOrientations_iPhone = "UIInterfaceOrientationPortrait UIInterfaceOrientationLandscapeLeft UIInterfaceOrientationLandscapeRight";
				LD_RUNPATH_SEARCH_PATHS = (
					"$(inherited)",
					"@executable_path/Frameworks",
				);
				MARKETING_VERSION = 1.0;
				PRODUCT_BUNDLE_IDENTIFIER = app.sleepulator.Sleepulator;
				PRODUCT_NAME = "$(TARGET_NAME)";
				STRING_CATALOG_GENERATE_SYMBOLS = YES;
				SWIFT_APPROACHABLE_CONCURRENCY = YES;
				SWIFT_DEFAULT_ACTOR_ISOLATION = MainActor;
				SWIFT_EMIT_LOC_STRINGS = YES;
				SWIFT_UPCOMING_FEATURE_MEMBER_IMPORT_VISIBILITY = YES;
				SWIFT_VERSION = 5.0;
				TARGETED_DEVICE_FAMILY = "1,2";
			};
			name = Release;
		};
		8968180E2FE6F20E00C5DF4D /* Debug */ = {
			isa = XCBuildConfiguration;
			buildSettings = {
				ASSETCATALOG_COMPILER_GLOBAL_ACCENT_COLOR_NAME = AccentColor;
				ASSETCATALOG_COMPILER_WIDGET_BACKGROUND_COLOR_NAME = WidgetBackground;
				CODE_SIGN_STYLE = Automatic;
				CURRENT_PROJECT_VERSION = 1;
				DEVELOPMENT_TEAM = C84UD6LFJQ;
				GENERATE_INFOPLIST_FILE = YES;
				INFOPLIST_FILE = SleepulatorWidget/Info.plist;
				INFOPLIST_KEY_CFBundleDisplayName = SleepulatorWidget;
				INFOPLIST_KEY_NSHumanReadableCopyright = "";
				IPHONEOS_DEPLOYMENT_TARGET = 17.0;
				LD_RUNPATH_SEARCH_PATHS = (
					"$(inherited)",
					"@executable_path/Frameworks",
					"@executable_path/../../Frameworks",
				);
				MARKETING_VERSION = 1.0;
				PRODUCT_BUNDLE_IDENTIFIER = app.sleepulator.Sleepulator.SleepulatorWidget;
				PRODUCT_NAME = "$(TARGET_NAME)";
				SKIP_INSTALL = YES;
				STRING_CATALOG_GENERATE_SYMBOLS = YES;
				SWIFT_APPROACHABLE_CONCURRENCY = YES;
				SWIFT_EMIT_LOC_STRINGS = YES;
				SWIFT_UPCOMING_FEATURE_MEMBER_IMPORT_VISIBILITY = YES;
				SWIFT_VERSION = 5.0;
				TARGETED_DEVICE_FAMILY = "1,2";
			};
			name = Debug;
		};
		8968180F2FE6F20E00C5DF4D /* Release */ = {
			isa = XCBuildConfiguration;
			buildSettings = {
				ASSETCATALOG_COMPILER_GLOBAL_ACCENT_COLOR_NAME = AccentColor;
				ASSETCATALOG_COMPILER_WIDGET_BACKGROUND_COLOR_NAME = WidgetBackground;
				CODE_SIGN_STYLE = Automatic;
				CURRENT_PROJECT_VERSION = 1;
				DEVELOPMENT_TEAM = C84UD6LFJQ;
				GENERATE_INFOPLIST_FILE = YES;
				INFOPLIST_FILE = SleepulatorWidget/Info.plist;
				INFOPLIST_KEY_CFBundleDisplayName = SleepulatorWidget;
				INFOPLIST_KEY_NSHumanReadableCopyright = "";
				IPHONEOS_DEPLOYMENT_TARGET = 17.0;
				LD_RUNPATH_SEARCH_PATHS = (
					"$(inherited)",
					"@executable_path/Frameworks",
					"@executable_path/../../Frameworks",
				);
				MARKETING_VERSION = 1.0;
				PRODUCT_BUNDLE_IDENTIFIER = app.sleepulator.Sleepulator.SleepulatorWidget;
				PRODUCT_NAME = "$(TARGET_NAME)";
				SKIP_INSTALL = YES;
				STRING_CATALOG_GENERATE_SYMBOLS = YES;
				SWIFT_APPROACHABLE_CONCURRENCY = YES;
				SWIFT_EMIT_LOC_STRINGS = YES;
				SWIFT_UPCOMING_FEATURE_MEMBER_IMPORT_VISIBILITY = YES;
				SWIFT_VERSION = 5.0;
				TARGETED_DEVICE_FAMILY = "1,2";
			};
			name = Release;
		};
/* End XCBuildConfiguration section */

/* Begin XCConfigurationList section */
		896815A02FE42DE100C5DF4D /* Build configuration list for PBXProject "Sleepulator" */ = {
			isa = XCConfigurationList;
			buildConfigurations = (
				896815AE2FE42DE300C5DF4D /* Debug */,
				896815AF2FE42DE300C5DF4D /* Release */,
			);
			defaultConfigurationIsVisible = 0;
			defaultConfigurationName = Release;
		};
		896815B02FE42DE300C5DF4D /* Build configuration list for PBXNativeTarget "Sleepulator" */ = {
			isa = XCConfigurationList;
			buildConfigurations = (
				896815B12FE42DE300C5DF4D /* Debug */,
				896815B22FE42DE300C5DF4D /* Release */,
			);
			defaultConfigurationIsVisible = 0;
			defaultConfigurationName = Release;
		};
		8968180D2FE6F20E00C5DF4D /* Build configuration list for PBXNativeTarget "SleepulatorWidgetExtension" */ = {
			isa = XCConfigurationList;
			buildConfigurations = (
				8968180E2FE6F20E00C5DF4D /* Debug */,
				8968180F2FE6F20E00C5DF4D /* Release */,
			);
			defaultConfigurationIsVisible = 0;
			defaultConfigurationName = Release;
		};
		D1CADF1292BBFA37A539B3B1 /* Build configuration list for PBXNativeTarget "SleepulatorTests" */ = {
			isa = XCConfigurationList;
			buildConfigurations = (
				71F59181C4DBBF669B806C41 /* Release */,
				8318385F46BBE308B0A2A7D3 /* Debug */,
			);
			defaultConfigurationIsVisible = 0;
			defaultConfigurationName = Release;
		};
/* End XCConfigurationList section */
	};
	rootObject = 8968159D2FE42DE100C5DF4D /* Project object */;
}
